
Microsoft Visual Studio Solution File, Format Version 12.00
# Visual Studio Version 17
VisualStudioVersion = 17.14.36414.22 d17.14
MinimumVisualStudioVersion = 10.0.40219.1
Project("{2150E333-8FDC-42A3-9474-1A3956D46DE8}") = "Task0", "Task0", "{36D591C7-65C7-A0D1-1CBC-10CDE441BDC8}"
EndProject
Project("{FAE04EC0-301F-11D3-BF4B-00C04F79EFBC}") = "Tyuiu.SafronovVE.Sprint4.Task0.V26", "Tyuiu.SafronovVE.Sprint4.Task0.V26\Tyuiu.SafronovVE.Sprint4.Task0.V26.csproj", "{B439D0BC-8DDB-41F4-B693-76850F756645}"
EndProject
Project("{FAE04EC0-301F-11D3-BF4B-00C04F79EFBC}") = "Tyuiu.SafronovVE.Sprint4.Task0.V26.Lib", "Tyuiu.SafronovVE.Sprint4.Task0.V26.Lib\Tyuiu.SafronovVE.Sprint4.Task0.V26.Lib.csproj", "{2554AC4A-A488-49A8-B531-1D19626D019A}"
EndProject
Project("{FAE04EC0-301F-11D3-BF4B-00C04F79EFBC}") = "Tyuiu.SafronovVE.Sprint4.Task0.V26.Test", "Tyuiu.SafronovVE.Sprint4.Task0.V26.Test\Tyuiu.SafronovVE.Sprint4.Task0.V26.Test.csproj", "{293B82FE-A9F3-48A3-8322-26C765E6F883}"
EndProject
Project("{2150E333-8FDC-42A3-9474-1A3956D46DE8}") = "Task1", "Task1", "{D1E15404-5CB3-43A8-BDAC-EDDA1F9DDB68}"
EndProject
Project("{FAE04EC0-301F-11D3-BF4B-00C04F79EFBC}") = "Tyuiu.SafronovVE.Sprint4.Task1.V7", "Tyuiu.SafronovVE.Sprint4.Task1.V7\Tyuiu.SafronovVE.Sprint4.Task1.V7.csproj", "{3D11CED1-6D56-46F4-A3DC-AA8A88FD4422}"
EndProject
Project("{FAE04EC0-301F-11D3-BF4B-00C04F79EFBC}") = "Tyuiu.SafronovVE.Sprint4.Task1.V7.Lib", "Tyuiu.SafronovVE.Sprint4.Task1.V7.Lib\Tyuiu.SafronovVE.Sprint4.Task1.V7.Lib.csproj", "{C222ACDC-0AC3-49B2-B54D-2A522BE2F7D0}"
EndProject
Project("{FAE04EC0-301F-11D3-BF4B-00C04F79EFBC}") = "Tyuiu.SafronovVE.Sprint4.Task1.V7.Test", "Tyuiu.SafronovVE.Sprint4.Task1.V7.Test\Tyuiu.SafronovVE.Sprint4.Task1.V7.Test.csproj", "{ED2EF52D-F8E3-4DC5-B1F9-2FADA7FEB0F7}"
EndProject
Project("{2150E333-8FDC-42A3-9474-1A3956D46DE8}") = "Task2", "Task2", "{660CAACF-DA54-48BD-A4E3-C2418AAACEA6}"
EndProject
Project("{FAE04EC0-301F-11D3-BF4B-00C04F79EFBC}") = "Tyuiu.SafronovVE.Sprint4.Task2.V13", "Tyuiu.SafronovVE.Sprint4.Task2.V13\Tyuiu.SafronovVE.Sprint4.Task2.V13.csproj", "{D150CDA2-2D16-487C-91FF-CEE433A48147}"
EndProject
Project("{FAE04EC0-301F-11D3-BF4B-00C04F79EFBC}") = "Tyuiu.SafronovVE.Sprint4.Task2.V13.Lib", "Tyuiu.SafronovVE.Sprint4.Task2.V13.Lib\Tyuiu.SafronovVE.Sprint4.Task2.V13.Lib.csproj", "{B0B6FC9E-C063-4ED2-802A-B2B33BB35C20}"
EndProject
Project("{FAE04EC0-301F-11D3-BF4B-00C04F79EFBC}") = "Tyuiu.SafronovVE.Sprint4.Task2.V13.Test", "Tyuiu.SafronovVE.Sprint4.Task2.V13.Test\Tyuiu.SafronovVE.Sprint4.Task2.V13.Test.csproj", "{F4778AD2-1BAC-4B29-8CCD-09020F7C724C}"
EndProject
Global
	GlobalSection(SolutionConfigurationPlatforms) = preSolution
		Debug|Any CPU = Debug|Any CPU
		Release|Any CPU = Release|Any CPU
	EndGlobalSection
	GlobalSection(ProjectConfigurationPlatforms) = postSolution
		{B439D0BC-8DDB-41F4-B693-76850F756645}.Debug|Any CPU.ActiveCfg = Debug|Any CPU
		{B439D0BC-8DDB-41F4-B693-76850F756645}.Debug|Any CPU.Build.0 = Debug|Any CPU
		{B439D0BC-8DDB-41F4-B693-76850F756645}.Release|Any CPU.ActiveCfg = Release|Any CPU
		{B439D0BC-8DDB-41F4-B693-76850F756645}.Release|Any CPU.Build.0 = Release|Any CPU
		{2554AC4A-A488-49A8-B531-1D19626D019A}.Debug|Any CPU.ActiveCfg = Debug|Any CPU
		{2554AC4A-A488-49A8-B531-1D19626D019A}.Debug|Any CPU.Build.0 = Debug|Any CPU
		{2554AC4A-A488-49A8-B531-1D19626D019A}.Release|Any CPU.ActiveCfg = Release|Any CPU
		{2554AC4A-A488-49A8-B531-1D19626D019A}.Release|Any CPU.Build.0 = Release|Any CPU
		{293B82FE-A9F3-48A3-8322-26C765E6F883}.Debug|Any CPU.ActiveCfg = Debug|Any CPU
		{293B82FE-A9F3-48A3-8322-26C765E6F883}.Debug|Any CPU.Build.0 = Debug|Any CPU
		{293B82FE-A9F3-48A3-8322-26C765E6F883}.Release|Any CPU.ActiveCfg = Release|Any CPU
		{293B82FE-A9F3-48A3-8322-26C765E6F883}.Release|Any CPU.Build.0 = Release|Any CPU
		{3D11CED1-6D56-46F4-A3DC-AA8A88FD4422}.Debug|Any CPU.ActiveCfg = Debug|Any CPU
		{3D11CED1-6D56-46F4-A3DC-AA8A88FD4422}.Debug|Any CPU.Build.0 = Debug|Any CPU
		{3D11CED1-6D56-46F4-A3DC-AA8A88FD4422}.Release|Any CPU.ActiveCfg = Release|Any CPU
		{3D11CED1-6D56-46F4-A3DC-AA8A88FD4422}.Release|Any CPU.Build.0 = Release|Any CPU
		{C222ACDC-0AC3-49B2-B54D-2A522BE2F7D0}.Debug|Any CPU.ActiveCfg = Debug|Any CPU
		{C222ACDC-0AC3-49B2-B54D-2A522BE2F7D0}.Debug|Any CPU.Build.0 = Debug|Any CPU
		{C222ACDC-0AC3-49B2-B54D-2A522BE2F7D0}.Release|Any CPU.ActiveCfg = Release|Any CPU
		{C222ACDC-0AC3-49B2-B54D-2A522BE2F7D0}.Release|Any CPU.Build.0 = Release|Any CPU
		{ED2EF52D-F8E3-4DC5-B1F9-2FADA7FEB0F7}.Debug|Any CPU.ActiveCfg = Debug|Any CPU
		{ED2EF52D-F8E3-4DC5-B1F9-2FADA7FEB0F7}.Debug|Any CPU.Build.0 = Debug|Any CPU
		{ED2EF52D-F8E3-4DC5-B1F9-2FADA7FEB0F7}.Release|Any CPU.ActiveCfg = Release|Any CPU
		{ED2EF52D-F8E3-4DC5-B1F9-2FADA7FEB0F7}.Release|Any CPU.Build.0 = Release|Any CPU
		{D150CDA2-2D16-487C-91FF-CEE433A48147}.Debug|Any CPU.ActiveCfg = Debug|Any CPU
		{D150CDA2-2D16-487C-91FF-CEE433A48147}.Debug|Any CPU.Build.0 = Debug|Any CPU
		{D150CDA2-2D16-487C-91FF-CEE433A48147}.Release|Any CPU.ActiveCfg = Release|Any CPU
		{D150CDA2-2D16-487C-91FF-CEE433A48147}.Release|Any CPU.Build.0 = Release|Any CPU
		{B0B6FC9E-C063-4ED2-802A-B2B33BB35C20}.Debug|Any CPU.ActiveCfg = Debug|Any CPU
		{B0B6FC9E-C063-4ED2-802A-B2B33BB35C20}.Debug|Any CPU.Build.0 = Debug|Any CPU
		{B0B6FC9E-C063-4ED2-802A-B2B33BB35C20}.Release|Any CPU.ActiveCfg = Release|Any CPU
		{B0B6FC9E-C063-4ED2-802A-B2B33BB35C20}.Release|Any CPU.Build.0 = Release|Any CPU
		{F4778AD2-1BAC-4B29-8CCD-09020F7C724C}.Debug|Any CPU.ActiveCfg = Debug|Any CPU
		{F4778AD2-1BAC-4B29-8CCD-09020F7C724C}.Debug|Any CPU.Build.0 = Debug|Any CPU
		{F4778AD2-1BAC-4B29-8CCD-09020F7C724C}.Release|Any CPU.ActiveCfg = Release|Any CPU
		{F4778AD2-1BAC-4B29-8CCD-09020F7C724C}.Release|Any CPU.Build.0 = Release|Any CPU
	EndGlobalSection
	GlobalSection(SolutionProperties) = preSolution
		HideSolutionNode = FALSE
	EndGlobalSection
	GlobalSection(NestedProjects) = preSolution
		{B439D0BC-8DDB-41F4-B693-76850F756645} = {36D591C7-65C7-A0D1-1CBC-10CDE441BDC8}
		{2554AC4A-A488-49A8-B531-1D19626D019A} = {36D591C7-65C7-A0D1-1CBC-10CDE441BDC8}
		{293B82FE-A9F3-48A3-8322-26C765E6F883} = {36D591C7-65C7-A0D1-1CBC-10CDE441BDC8}
		{3D11CED1-6D56-46F4-A3DC-AA8A88FD4422} = {D1E15404-5CB3-43A8-BDAC-EDDA1F9DDB68}
		{C222ACDC-0AC3-49B2-B54D-2A522BE2F7D0} = {D1E15404-5CB3-43A8-BDAC-EDDA1F9DDB68}
		{ED2EF52D-F8E3-4DC5-B1F9-2FADA7FEB0F7} = {D1E15404-5CB3-43A8-BDAC-EDDA1F9DDB68}
		{D150CDA2-2D16-487C-91FF-CEE433A48147} = {660CAACF-DA54-48BD-A4E3-C2418AAACEA6}
		{B0B6FC9E-C063-4ED2-802A-B2B33BB35C20} = {660CAACF-DA54-48BD-A4E3-C2418AAACEA6}
		{F4778AD2-1BAC-4B29-8CCD-09020F7C724C} = {660CAACF-DA54-48BD-A4E3-C2418AAACEA6}
	EndGlobalSection
	GlobalSection(ExtensibilityGlobals) = postSolution
		SolutionGuid = {BA9563CD-3E9B-4FAD-BE1E-0E9E649B0E7E}
	EndGlobalSection
EndGlobal
